
Microsoft Visual Studio Solution File, Format Version 12.00
# Visual Studio 15
VisualStudioVersion = 15.0.27428.2037
MinimumVisualStudioVersion = 10.0.40219.1
Project("{9A19103F-16F7-4668-BE54-9A1E7A4F7556}") = "Dinner Party Problem", "Dinner Party Problem\Dinner Party Problem.csproj", "{1AC9FCA9-FE37-4A27-936D-9EE057B252D5}"
EndProject
Project("{9A19103F-16F7-4668-BE54-9A1E7A4F7556}") = "Wichtel Independent Set", "Wichtel Independent Set\Wichtel Independent Set.csproj", "{475542ED-A564-4D5C-9319-2F34C4C60FEC}"
EndProject
Project("{FAE04EC0-301F-11D3-BF4B-00C04F79EFBC}") = "CookLevinToSat", "CookLevinToSat\CookLevinToSat.csproj", "{6B969046-E030-4AA3-9EC7-57C9C85F89BB}"
EndProject
Project("{FAE04EC0-301F-11D3-BF4B-00C04F79EFBC}") = "QSat", "QSat\QSat.csproj", "{2FD6468A-59F3-4024-925B-1990E00B991C}"
EndProject
Project("{FAE04EC0-301F-11D3-BF4B-00C04F79EFBC}") = "GeneralizedGeoStrategy", "GeneralizedGeoStrategy\GeneralizedGeoStrategy.csproj", "{3B8B2A75-D9D2-4F36-BFCC-8CDC4873F43C}"
EndProject
Project("{FAE04EC0-301F-11D3-BF4B-00C04F79EFBC}") = "Complexitytheory", "Complexitytheory\Complexitytheory.csproj", "{B2FFD97C-B44B-4234-9499-85126E934792}"
EndProject
Project("{2150E333-8FDC-42A3-9474-1A3956D46DE8}") = "Apps", "Apps", "{30119876-180E-43CB-A386-90584F967498}"
EndProject
Project("{9A19103F-16F7-4668-BE54-9A1E7A4F7556}") = "ThreeColoring", "ThreeColoring\ThreeColoring.csproj", "{4AE0DF05-1514-4B87-9951-5EF201E5FE78}"
EndProject
Project("{FAE04EC0-301F-11D3-BF4B-00C04F79EFBC}") = "Subset Sum", "Subset Sum\Subset Sum.csproj", "{194BDF2D-A709-464E-BEB9-97EF00E046BF}"
EndProject
Project("{2150E333-8FDC-42A3-9474-1A3956D46DE8}") = "At Work", "At Work", "{337CB20D-150A-4FB8-B0F1-8DAB2EE90736}"
EndProject
Project("{FAE04EC0-301F-11D3-BF4B-00C04F79EFBC}") = "SatResolverTest", "SatResolverTest\SatResolverTest.csproj", "{AF48452B-A4A3-4C4E-8D87-1F052F26CC4C}"
EndProject
Project("{2150E333-8FDC-42A3-9474-1A3956D46DE8}") = "TuringMaschines", "TuringMaschines", "{FD15E365-03BE-476C-931C-8503C06E7AE2}"
EndProject
Project("{FAE04EC0-301F-11D3-BF4B-00C04F79EFBC}") = "PalindromTuringMaschine", "PalindromTuringMaschine\PalindromTuringMaschine.csproj", "{A180FD16-81EB-4A34-AD92-95E9933911B8}"
EndProject
Project("{FAE04EC0-301F-11D3-BF4B-00C04F79EFBC}") = "BinaryAdditionTuringMaschine", "BinaryAdditionTuringMaschine\BinaryAdditionTuringMaschine.csproj", "{EB152903-5D4E-4359-ADEC-409DEF847836}"
EndProject
Project("{FAE04EC0-301F-11D3-BF4B-00C04F79EFBC}") = "ABCTuringMaschine", "ABCTuringMaschine\ABCTuringMaschine.csproj", "{5D995390-658A-4DCD-BB51-804876123E53}"
EndProject
Project("{FAE04EC0-301F-11D3-BF4B-00C04F79EFBC}") = "Savitchs Theorem Vertex Reachability Check", "Savitchs Theorem Vertex Reachability Check\Savitchs Theorem Vertex Reachability Check.csproj", "{44023346-041A-499D-9459-9F779AA0F24B}"
EndProject
Project("{FAE04EC0-301F-11D3-BF4B-00C04F79EFBC}") = "Median Finder", "Median Finder\Median Finder.csproj", "{BEBFC7B1-B019-45D4-B89F-2D9119E01D1F}"
EndProject
Project("{FAE04EC0-301F-11D3-BF4B-00C04F79EFBC}") = "Prime Checker", "Prime Checker\Prime Checker.csproj", "{31361AD3-100F-49A7-BD9B-D6078323EC45}"
EndProject
Project("{FAE04EC0-301F-11D3-BF4B-00C04F79EFBC}") = "VertexCover", "VertexCover\VertexCover.csproj", "{CCC83070-479D-4588-B21C-AA8ED6F7594E}"
EndProject
Project("{FAE04EC0-301F-11D3-BF4B-00C04F79EFBC}") = "Set Cover", "Set Cover\Set Cover.csproj", "{68505296-C698-4A23-B1DF-983C94CDEBCB}"
EndProject
Project("{FAE04EC0-301F-11D3-BF4B-00C04F79EFBC}") = "Traveling Salesman Problem", "Traveling Salesman Problem\Traveling Salesman Problem.csproj", "{EA04C1D4-FEE5-4953-A27F-B020BCA8D31C}"
EndProject
Global
	GlobalSection(SolutionConfigurationPlatforms) = preSolution
		Debug|Any CPU = Debug|Any CPU
		Release|Any CPU = Release|Any CPU
	EndGlobalSection
	GlobalSection(ProjectConfigurationPlatforms) = postSolution
		{1AC9FCA9-FE37-4A27-936D-9EE057B252D5}.Debug|Any CPU.ActiveCfg = Debug|Any CPU
		{1AC9FCA9-FE37-4A27-936D-9EE057B252D5}.Debug|Any CPU.Build.0 = Debug|Any CPU
		{1AC9FCA9-FE37-4A27-936D-9EE057B252D5}.Release|Any CPU.ActiveCfg = Release|Any CPU
		{1AC9FCA9-FE37-4A27-936D-9EE057B252D5}.Release|Any CPU.Build.0 = Release|Any CPU
		{475542ED-A564-4D5C-9319-2F34C4C60FEC}.Debug|Any CPU.ActiveCfg = Debug|Any CPU
		{475542ED-A564-4D5C-9319-2F34C4C60FEC}.Debug|Any CPU.Build.0 = Debug|Any CPU
		{475542ED-A564-4D5C-9319-2F34C4C60FEC}.Release|Any CPU.ActiveCfg = Release|Any CPU
		{475542ED-A564-4D5C-9319-2F34C4C60FEC}.Release|Any CPU.Build.0 = Release|Any CPU
		{6B969046-E030-4AA3-9EC7-57C9C85F89BB}.Debug|Any CPU.ActiveCfg = Debug|Any CPU
		{6B969046-E030-4AA3-9EC7-57C9C85F89BB}.Debug|Any CPU.Build.0 = Debug|Any CPU
		{6B969046-E030-4AA3-9EC7-57C9C85F89BB}.Release|Any CPU.ActiveCfg = Release|Any CPU
		{6B969046-E030-4AA3-9EC7-57C9C85F89BB}.Release|Any CPU.Build.0 = Release|Any CPU
		{2FD6468A-59F3-4024-925B-1990E00B991C}.Debug|Any CPU.ActiveCfg = Debug|Any CPU
		{2FD6468A-59F3-4024-925B-1990E00B991C}.Debug|Any CPU.Build.0 = Debug|Any CPU
		{2FD6468A-59F3-4024-925B-1990E00B991C}.Release|Any CPU.ActiveCfg = Release|Any CPU
		{2FD6468A-59F3-4024-925B-1990E00B991C}.Release|Any CPU.Build.0 = Release|Any CPU
		{3B8B2A75-D9D2-4F36-BFCC-8CDC4873F43C}.Debug|Any CPU.ActiveCfg = Debug|Any CPU
		{3B8B2A75-D9D2-4F36-BFCC-8CDC4873F43C}.Debug|Any CPU.Build.0 = Debug|Any CPU
		{3B8B2A75-D9D2-4F36-BFCC-8CDC4873F43C}.Release|Any CPU.ActiveCfg = Release|Any CPU
		{3B8B2A75-D9D2-4F36-BFCC-8CDC4873F43C}.Release|Any CPU.Build.0 = Release|Any CPU
		{B2FFD97C-B44B-4234-9499-85126E934792}.Debug|Any CPU.ActiveCfg = Debug|Any CPU
		{B2FFD97C-B44B-4234-9499-85126E934792}.Debug|Any CPU.Build.0 = Debug|Any CPU
		{B2FFD97C-B44B-4234-9499-85126E934792}.Release|Any CPU.ActiveCfg = Release|Any CPU
		{B2FFD97C-B44B-4234-9499-85126E934792}.Release|Any CPU.Build.0 = Release|Any CPU
		{4AE0DF05-1514-4B87-9951-5EF201E5FE78}.Debug|Any CPU.ActiveCfg = Debug|Any CPU
		{4AE0DF05-1514-4B87-9951-5EF201E5FE78}.Debug|Any CPU.Build.0 = Debug|Any CPU
		{4AE0DF05-1514-4B87-9951-5EF201E5FE78}.Release|Any CPU.ActiveCfg = Release|Any CPU
		{4AE0DF05-1514-4B87-9951-5EF201E5FE78}.Release|Any CPU.Build.0 = Release|Any CPU
		{194BDF2D-A709-464E-BEB9-97EF00E046BF}.Debug|Any CPU.ActiveCfg = Debug|Any CPU
		{194BDF2D-A709-464E-BEB9-97EF00E046BF}.Debug|Any CPU.Build.0 = Debug|Any CPU
		{194BDF2D-A709-464E-BEB9-97EF00E046BF}.Release|Any CPU.ActiveCfg = Release|Any CPU
		{194BDF2D-A709-464E-BEB9-97EF00E046BF}.Release|Any CPU.Build.0 = Release|Any CPU
		{AF48452B-A4A3-4C4E-8D87-1F052F26CC4C}.Debug|Any CPU.ActiveCfg = Debug|Any CPU
		{AF48452B-A4A3-4C4E-8D87-1F052F26CC4C}.Debug|Any CPU.Build.0 = Debug|Any CPU
		{AF48452B-A4A3-4C4E-8D87-1F052F26CC4C}.Release|Any CPU.ActiveCfg = Release|Any CPU
		{AF48452B-A4A3-4C4E-8D87-1F052F26CC4C}.Release|Any CPU.Build.0 = Release|Any CPU
		{A180FD16-81EB-4A34-AD92-95E9933911B8}.Debug|Any CPU.ActiveCfg = Debug|Any CPU
		{A180FD16-81EB-4A34-AD92-95E9933911B8}.Debug|Any CPU.Build.0 = Debug|Any CPU
		{A180FD16-81EB-4A34-AD92-95E9933911B8}.Release|Any CPU.ActiveCfg = Release|Any CPU
		{A180FD16-81EB-4A34-AD92-95E9933911B8}.Release|Any CPU.Build.0 = Release|Any CPU
		{EB152903-5D4E-4359-ADEC-409DEF847836}.Debug|Any CPU.ActiveCfg = Debug|Any CPU
		{EB152903-5D4E-4359-ADEC-409DEF847836}.Debug|Any CPU.Build.0 = Debug|Any CPU
		{EB152903-5D4E-4359-ADEC-409DEF847836}.Release|Any CPU.ActiveCfg = Release|Any CPU
		{EB152903-5D4E-4359-ADEC-409DEF847836}.Release|Any CPU.Build.0 = Release|Any CPU
		{5D995390-658A-4DCD-BB51-804876123E53}.Debug|Any CPU.ActiveCfg = Debug|Any CPU
		{5D995390-658A-4DCD-BB51-804876123E53}.Debug|Any CPU.Build.0 = Debug|Any CPU
		{5D995390-658A-4DCD-BB51-804876123E53}.Release|Any CPU.ActiveCfg = Release|Any CPU
		{5D995390-658A-4DCD-BB51-804876123E53}.Release|Any CPU.Build.0 = Release|Any CPU
		{44023346-041A-499D-9459-9F779AA0F24B}.Debug|Any CPU.ActiveCfg = Debug|Any CPU
		{44023346-041A-499D-9459-9F779AA0F24B}.Debug|Any CPU.Build.0 = Debug|Any CPU
		{44023346-041A-499D-9459-9F779AA0F24B}.Release|Any CPU.ActiveCfg = Release|Any CPU
		{44023346-041A-499D-9459-9F779AA0F24B}.Release|Any CPU.Build.0 = Release|Any CPU
		{BEBFC7B1-B019-45D4-B89F-2D9119E01D1F}.Debug|Any CPU.ActiveCfg = Debug|Any CPU
		{BEBFC7B1-B019-45D4-B89F-2D9119E01D1F}.Debug|Any CPU.Build.0 = Debug|Any CPU
		{BEBFC7B1-B019-45D4-B89F-2D9119E01D1F}.Release|Any CPU.ActiveCfg = Release|Any CPU
		{BEBFC7B1-B019-45D4-B89F-2D9119E01D1F}.Release|Any CPU.Build.0 = Release|Any CPU
		{31361AD3-100F-49A7-BD9B-D6078323EC45}.Debug|Any CPU.ActiveCfg = Debug|Any CPU
		{31361AD3-100F-49A7-BD9B-D6078323EC45}.Debug|Any CPU.Build.0 = Debug|Any CPU
		{31361AD3-100F-49A7-BD9B-D6078323EC45}.Release|Any CPU.ActiveCfg = Release|Any CPU
		{31361AD3-100F-49A7-BD9B-D6078323EC45}.Release|Any CPU.Build.0 = Release|Any CPU
		{CCC83070-479D-4588-B21C-AA8ED6F7594E}.Debug|Any CPU.ActiveCfg = Debug|Any CPU
		{CCC83070-479D-4588-B21C-AA8ED6F7594E}.Debug|Any CPU.Build.0 = Debug|Any CPU
		{CCC83070-479D-4588-B21C-AA8ED6F7594E}.Release|Any CPU.ActiveCfg = Release|Any CPU
		{CCC83070-479D-4588-B21C-AA8ED6F7594E}.Release|Any CPU.Build.0 = Release|Any CPU
		{68505296-C698-4A23-B1DF-983C94CDEBCB}.Debug|Any CPU.ActiveCfg = Debug|Any CPU
		{68505296-C698-4A23-B1DF-983C94CDEBCB}.Debug|Any CPU.Build.0 = Debug|Any CPU
		{68505296-C698-4A23-B1DF-983C94CDEBCB}.Release|Any CPU.ActiveCfg = Release|Any CPU
		{68505296-C698-4A23-B1DF-983C94CDEBCB}.Release|Any CPU.Build.0 = Release|Any CPU
		{EA04C1D4-FEE5-4953-A27F-B020BCA8D31C}.Debug|Any CPU.ActiveCfg = Debug|Any CPU
		{EA04C1D4-FEE5-4953-A27F-B020BCA8D31C}.Debug|Any CPU.Build.0 = Debug|Any CPU
		{EA04C1D4-FEE5-4953-A27F-B020BCA8D31C}.Release|Any CPU.ActiveCfg = Release|Any CPU
		{EA04C1D4-FEE5-4953-A27F-B020BCA8D31C}.Release|Any CPU.Build.0 = Release|Any CPU
	EndGlobalSection
	GlobalSection(SolutionProperties) = preSolution
		HideSolutionNode = FALSE
	EndGlobalSection
	GlobalSection(NestedProjects) = preSolution
		{1AC9FCA9-FE37-4A27-936D-9EE057B252D5} = {30119876-180E-43CB-A386-90584F967498}
		{475542ED-A564-4D5C-9319-2F34C4C60FEC} = {30119876-180E-43CB-A386-90584F967498}
		{6B969046-E030-4AA3-9EC7-57C9C85F89BB} = {337CB20D-150A-4FB8-B0F1-8DAB2EE90736}
		{2FD6468A-59F3-4024-925B-1990E00B991C} = {30119876-180E-43CB-A386-90584F967498}
		{3B8B2A75-D9D2-4F36-BFCC-8CDC4873F43C} = {30119876-180E-43CB-A386-90584F967498}
		{4AE0DF05-1514-4B87-9951-5EF201E5FE78} = {30119876-180E-43CB-A386-90584F967498}
		{194BDF2D-A709-464E-BEB9-97EF00E046BF} = {30119876-180E-43CB-A386-90584F967498}
		{AF48452B-A4A3-4C4E-8D87-1F052F26CC4C} = {30119876-180E-43CB-A386-90584F967498}
		{FD15E365-03BE-476C-931C-8503C06E7AE2} = {30119876-180E-43CB-A386-90584F967498}
		{A180FD16-81EB-4A34-AD92-95E9933911B8} = {FD15E365-03BE-476C-931C-8503C06E7AE2}
		{EB152903-5D4E-4359-ADEC-409DEF847836} = {FD15E365-03BE-476C-931C-8503C06E7AE2}
		{5D995390-658A-4DCD-BB51-804876123E53} = {FD15E365-03BE-476C-931C-8503C06E7AE2}
		{44023346-041A-499D-9459-9F779AA0F24B} = {30119876-180E-43CB-A386-90584F967498}
		{BEBFC7B1-B019-45D4-B89F-2D9119E01D1F} = {30119876-180E-43CB-A386-90584F967498}
		{31361AD3-100F-49A7-BD9B-D6078323EC45} = {30119876-180E-43CB-A386-90584F967498}
		{CCC83070-479D-4588-B21C-AA8ED6F7594E} = {30119876-180E-43CB-A386-90584F967498}
		{68505296-C698-4A23-B1DF-983C94CDEBCB} = {30119876-180E-43CB-A386-90584F967498}
		{EA04C1D4-FEE5-4953-A27F-B020BCA8D31C} = {30119876-180E-43CB-A386-90584F967498}
	EndGlobalSection
	GlobalSection(ExtensibilityGlobals) = postSolution
		SolutionGuid = {1E767DA2-CC7F-4DDB-A260-B5FED560F704}
	EndGlobalSection
EndGlobal
